
Microsoft Visual Studio Solution File, Format Version 12.00
# Visual Studio Version 17
VisualStudioVersion = 17.11.35312.102
MinimumVisualStudioVersion = 10.0.40219.1
Project("{FAE04EC0-301F-11D3-BF4B-00C04F79EFBC}") = "ListaDeItens", "ListaDeItens\ListaDeItens.csproj", "{4DBF3276-7FB0-42AB-A9C5-96A8D5E92F40}"
EndProject
Global
	GlobalSection(SolutionConfigurationPlatforms) = preSolution
		Debug|Any CPU = Debug|Any CPU
		Release|Any CPU = Release|Any CPU
	EndGlobalSection
	GlobalSection(ProjectConfigurationPlatforms) = postSolution
		{4DBF3276-7FB0-42AB-A9C5-96A8D5E92F40}.Debug|Any CPU.ActiveCfg = Debug|Any CPU
		{4DBF3276-7FB0-42AB-A9C5-96A8D5E92F40}.Debug|Any CPU.Build.0 = Debug|Any CPU
		{4DBF3276-7FB0-42AB-A9C5-96A8D5E92F40}.Debug|Any CPU.Deploy.0 = Debug|Any CPU
		{4DBF3276-7FB0-42AB-A9C5-96A8D5E92F40}.Release|Any CPU.ActiveCfg = Release|Any CPU
		{4DBF3276-7FB0-42AB-A9C5-96A8D5E92F40}.Release|Any CPU.Build.0 = Release|Any CPU
		{4DBF3276-7FB0-42AB-A9C5-96A8D5E92F40}.Release|Any CPU.Deploy.0 = Release|Any CPU
	EndGlobalSection
	GlobalSection(SolutionProperties) = preSolution
		HideSolutionNode = FALSE
	EndGlobalSection
	GlobalSection(ExtensibilityGlobals) = postSolution
		SolutionGuid = {0963EA7B-9552-474C-871C-0B4C8C139D4C}
	EndGlobalSection
EndGlobal
